Microsoft Visual Studio Solution File, Format Version 12.00
# Visual Studio Version 17
VisualStudioVersion = 17.5.2.0
MinimumVisualStudioVersion = 10.0.40219.1
Project("{FAE04EC0-301F-11D3-BF4B-00C04F79EFBC}") = "Microloand.API", "Microloand.API.csproj", "{F428D4FD-5084-5BBE-5892-F65DA188DABF}"
EndProject
Global
	GlobalSection(SolutionConfigurationPlatforms) = preSolution
		Debug|Any CPU = Debug|Any CPU
		Release|Any CPU = Release|Any CPU
	EndGlobalSection
	GlobalSection(ProjectConfigurationPlatforms) = postSolution
		{F428D4FD-5084-5BBE-5892-F65DA188DABF}.Debug|Any CPU.ActiveCfg = Debug|Any CPU
		{F428D4FD-5084-5BBE-5892-F65DA188DABF}.Debug|Any CPU.Build.0 = Debug|Any CPU
		{F428D4FD-5084-5BBE-5892-F65DA188DABF}.Release|Any CPU.ActiveCfg = Release|Any CPU
		{F428D4FD-5084-5BBE-5892-F65DA188DABF}.Release|Any CPU.Build.0 = Release|Any CPU
	EndGlobalSection
	GlobalSection(SolutionProperties) = preSolution
		HideSolutionNode = FALSE
	EndGlobalSection
	GlobalSection(ExtensibilityGlobals) = postSolution
		SolutionGuid = {31F67D6A-D4E7-4402-A2B1-5C4575982AA7}
	EndGlobalSection
EndGlobal
